
Microsoft Visual Studio Solution File, Format Version 12.00
# Visual Studio Version 16
VisualStudioVersion = 16.0.30204.135
MinimumVisualStudioVersion = 10.0.40219.1
Project("{FAE04EC0-301F-11D3-BF4B-00C04F79EFBC}") = "OgrenciNotMVC", "OgrenciNotMVC.csproj", "{D393AC00-95CD-4861-9DF6-B1B417A0FAC4}"
EndProject
Global
	GlobalSection(SolutionConfigurationPlatforms) = preSolution
		Debug|Any CPU = Debug|Any CPU
		Release|Any CPU = Release|Any CPU
	EndGlobalSection
	GlobalSection(ProjectConfigurationPlatforms) = postSolution
		{D393AC00-95CD-4861-9DF6-B1B417A0FAC4}.Debug|Any CPU.ActiveCfg = Debug|Any CPU
		{D393AC00-95CD-4861-9DF6-B1B417A0FAC4}.Debug|Any CPU.Build.0 = Debug|Any CPU
		{D393AC00-95CD-4861-9DF6-B1B417A0FAC4}.Release|Any CPU.ActiveCfg = Release|Any CPU
		{D393AC00-95CD-4861-9DF6-B1B417A0FAC4}.Release|Any CPU.Build.0 = Release|Any CPU
	EndGlobalSection
	GlobalSection(SolutionProperties) = preSolution
		HideSolutionNode = FALSE
	EndGlobalSection
	GlobalSection(ExtensibilityGlobals) = postSolution
		SolutionGuid = {A63B88BD-431C-4E8C-86C2-F86E36C01FD6}
	EndGlobalSection
EndGlobal
